# This file is automatically @generated by Cargo.
# It is not intended for manual editing.
version = 4

[[package]]
name = "buddy-alloc"
version = "0.6.0"
source = "registry+https://github.com/rust-lang/crates.io-index"
checksum = "ee741d62dcaf41ca303576ef890989ccb01d5dd77f8ce1a6d6c7846ab5d09efb"

[[package]]
name = "octopos"
version = "1.1.0"
dependencies = [
 "buddy-alloc",
]

[[package]]
name = "user"
version = "1.0.0"
dependencies = [
 "octopos",
]
